
Microsoft Visual Studio Solution File, Format Version 12.00
# Visual Studio Version 16
VisualStudioVersion = 16.0.31702.278
MinimumVisualStudioVersion = 10.0.40219.1
Project("{9A19103F-16F7-4668-BE54-9A1E7A4F7556}") = "FoodWhale", "FoodWhale\FoodWhale.csproj", "{2C142842-0CF7-42B6-BD54-CC930083C5BE}"
EndProject
Project("{9A19103F-16F7-4668-BE54-9A1E7A4F7556}") = "FoodWhale_User", "FoodWhale_User\FoodWhale_User.csproj", "{61C8A669-1476-46AA-A3A8-2142EFAD735C}"
EndProject
Global
	GlobalSection(SolutionConfigurationPlatforms) = preSolution
		Debug|Any CPU = Debug|Any CPU
		Release|Any CPU = Release|Any CPU
	EndGlobalSection
	GlobalSection(ProjectConfigurationPlatforms) = postSolution
		{2C142842-0CF7-42B6-BD54-CC930083C5BE}.Debug|Any CPU.ActiveCfg = Debug|Any CPU
		{2C142842-0CF7-42B6-BD54-CC930083C5BE}.Debug|Any CPU.Build.0 = Debug|Any CPU
		{2C142842-0CF7-42B6-BD54-CC930083C5BE}.Release|Any CPU.ActiveCfg = Release|Any CPU
		{2C142842-0CF7-42B6-BD54-CC930083C5BE}.Release|Any CPU.Build.0 = Release|Any CPU
		{61C8A669-1476-46AA-A3A8-2142EFAD735C}.Debug|Any CPU.ActiveCfg = Debug|Any CPU
		{61C8A669-1476-46AA-A3A8-2142EFAD735C}.Debug|Any CPU.Build.0 = Debug|Any CPU
		{61C8A669-1476-46AA-A3A8-2142EFAD735C}.Release|Any CPU.ActiveCfg = Release|Any CPU
		{61C8A669-1476-46AA-A3A8-2142EFAD735C}.Release|Any CPU.Build.0 = Release|Any CPU
	EndGlobalSection
	GlobalSection(SolutionProperties) = preSolution
		HideSolutionNode = FALSE
	EndGlobalSection
	GlobalSection(ExtensibilityGlobals) = postSolution
		SolutionGuid = {AC0D459F-CA53-4032-9699-DEC8C0F7A8CB}
	EndGlobalSection
EndGlobal
